# THIS IS AN AUTOGENERATED FILE. DO NOT EDIT THIS FILE DIRECTLY.
# yarn lockfile v1


gritter@^1.7.4:
  version "1.7.4"
  resolved "https://registry.yarnpkg.com/gritter/-/gritter-1.7.4.tgz#cdb83982bd19e2ce93be73971e1320a3261133e1"
  integrity sha1-zbg5gr0Z4s6TvnOXHhMgoyYRM+E=

jquery@^3.5.1:
  version "3.5.1"
  resolved "https://registry.yarnpkg.com/jquery/-/jquery-3.5.1.tgz#d7b4d08e1bfdb86ad2f1a3d039ea17304717abb5"
  integrity sha512-XwIBPqcMn57FxfT+Go5pzySnm4KWkT1Tv7gjrpT1srtf8Weynl6R273VJ5GjkRb51IzMp5nbaPjJXMWeju2MKg==
